
Microsoft Visual Studio Solution File, Format Version 12.00
# Visual Studio 15
VisualStudioVersion = 15.0.26020.0
MinimumVisualStudioVersion = 10.0.40219.1
Project("{2150E333-8FDC-42A3-9474-1A3956D46DE8}") = "src", "src", "{5CE3C099-F713-4B50-8876-38BFAC721989}"
EndProject
Project("{FAE04EC0-301F-11D3-BF4B-00C04F79EFBC}") = "Ecat.ModelLib", "Ecat.ModelLib\Ecat.ModelLib.csproj", "{A9222432-CADA-4272-9E8E-256F8CD3B1A3}"
EndProject
Project("{FAE04EC0-301F-11D3-BF4B-00C04F79EFBC}") = "Ecat.DataLib", "Ecat.DataLib\Ecat.DataLib.csproj", "{CFF0DD69-DA82-4FD2-AED1-728118F080DB}"
EndProject
Project("{FAE04EC0-301F-11D3-BF4B-00C04F79EFBC}") = "Ecat.LogicLib", "Ecat.LogicLib\Ecat.LogicLib.csproj", "{E92D6D16-AB74-44CB-81B4-A73691FDDA38}"
EndProject
Project("{9A19103F-16F7-4668-BE54-9A1E7A4F7556}") = "Ecat.WebApp", "src\Ecat.WebApp\Ecat.WebApp.csproj", "{51904159-1EAF-45AB-BF92-0EFD7BA73A54}"
EndProject
Project("{2150E333-8FDC-42A3-9474-1A3956D46DE8}") = "Solution Items", "Solution Items", "{E232B17F-CE7F-4D8C-A01B-2578BB7FBC4B}"
	ProjectSection(SolutionItems) = preProject
		Readme.md = Readme.md
	EndProjectSection
EndProject
Global
	GlobalSection(SolutionConfigurationPlatforms) = preSolution
		Debug|Any CPU = Debug|Any CPU
		Debug|x64 = Debug|x64
		Debug|x86 = Debug|x86
		Release|Any CPU = Release|Any CPU
		Release|x64 = Release|x64
		Release|x86 = Release|x86
	EndGlobalSection
	GlobalSection(ProjectConfigurationPlatforms) = postSolution
		{A9222432-CADA-4272-9E8E-256F8CD3B1A3}.Debug|Any CPU.ActiveCfg = Debug|Any CPU
		{A9222432-CADA-4272-9E8E-256F8CD3B1A3}.Debug|Any CPU.Build.0 = Debug|Any CPU
		{A9222432-CADA-4272-9E8E-256F8CD3B1A3}.Debug|x64.ActiveCfg = Debug|Any CPU
		{A9222432-CADA-4272-9E8E-256F8CD3B1A3}.Debug|x64.Build.0 = Debug|Any CPU
		{A9222432-CADA-4272-9E8E-256F8CD3B1A3}.Debug|x86.ActiveCfg = Debug|Any CPU
		{A9222432-CADA-4272-9E8E-256F8CD3B1A3}.Debug|x86.Build.0 = Debug|Any CPU
		{A9222432-CADA-4272-9E8E-256F8CD3B1A3}.Release|Any CPU.ActiveCfg = Release|Any CPU
		{A9222432-CADA-4272-9E8E-256F8CD3B1A3}.Release|Any CPU.Build.0 = Release|Any CPU
		{A9222432-CADA-4272-9E8E-256F8CD3B1A3}.Release|x64.ActiveCfg = Release|Any CPU
		{A9222432-CADA-4272-9E8E-256F8CD3B1A3}.Release|x64.Build.0 = Release|Any CPU
		{A9222432-CADA-4272-9E8E-256F8CD3B1A3}.Release|x86.ActiveCfg = Release|Any CPU
		{A9222432-CADA-4272-9E8E-256F8CD3B1A3}.Release|x86.Build.0 = Release|Any CPU
		{CFF0DD69-DA82-4FD2-AED1-728118F080DB}.Debug|Any CPU.ActiveCfg = Debug|Any CPU
		{CFF0DD69-DA82-4FD2-AED1-728118F080DB}.Debug|Any CPU.Build.0 = Debug|Any CPU
		{CFF0DD69-DA82-4FD2-AED1-728118F080DB}.Debug|x64.ActiveCfg = Debug|Any CPU
		{CFF0DD69-DA82-4FD2-AED1-728118F080DB}.Debug|x64.Build.0 = Debug|Any CPU
		{CFF0DD69-DA82-4FD2-AED1-728118F080DB}.Debug|x86.ActiveCfg = Debug|Any CPU
		{CFF0DD69-DA82-4FD2-AED1-728118F080DB}.Debug|x86.Build.0 = Debug|Any CPU
		{CFF0DD69-DA82-4FD2-AED1-728118F080DB}.Release|Any CPU.ActiveCfg = Release|Any CPU
		{CFF0DD69-DA82-4FD2-AED1-728118F080DB}.Release|Any CPU.Build.0 = Release|Any CPU
		{CFF0DD69-DA82-4FD2-AED1-728118F080DB}.Release|x64.ActiveCfg = Release|Any CPU
		{CFF0DD69-DA82-4FD2-AED1-728118F080DB}.Release|x64.Build.0 = Release|Any CPU
		{CFF0DD69-DA82-4FD2-AED1-728118F080DB}.Release|x86.ActiveCfg = Release|Any CPU
		{CFF0DD69-DA82-4FD2-AED1-728118F080DB}.Release|x86.Build.0 = Release|Any CPU
		{E92D6D16-AB74-44CB-81B4-A73691FDDA38}.Debug|Any CPU.ActiveCfg = Debug|Any CPU
		{E92D6D16-AB74-44CB-81B4-A73691FDDA38}.Debug|Any CPU.Build.0 = Debug|Any CPU
		{E92D6D16-AB74-44CB-81B4-A73691FDDA38}.Debug|x64.ActiveCfg = Debug|Any CPU
		{E92D6D16-AB74-44CB-81B4-A73691FDDA38}.Debug|x64.Build.0 = Debug|Any CPU
		{E92D6D16-AB74-44CB-81B4-A73691FDDA38}.Debug|x86.ActiveCfg = Debug|Any CPU
		{E92D6D16-AB74-44CB-81B4-A73691FDDA38}.Debug|x86.Build.0 = Debug|Any CPU
		{E92D6D16-AB74-44CB-81B4-A73691FDDA38}.Release|Any CPU.ActiveCfg = Release|Any CPU
		{E92D6D16-AB74-44CB-81B4-A73691FDDA38}.Release|Any CPU.Build.0 = Release|Any CPU
		{E92D6D16-AB74-44CB-81B4-A73691FDDA38}.Release|x64.ActiveCfg = Release|Any CPU
		{E92D6D16-AB74-44CB-81B4-A73691FDDA38}.Release|x64.Build.0 = Release|Any CPU
		{E92D6D16-AB74-44CB-81B4-A73691FDDA38}.Release|x86.ActiveCfg = Release|Any CPU
		{E92D6D16-AB74-44CB-81B4-A73691FDDA38}.Release|x86.Build.0 = Release|Any CPU
		{51904159-1EAF-45AB-BF92-0EFD7BA73A54}.Debug|Any CPU.ActiveCfg = Debug|Any CPU
		{51904159-1EAF-45AB-BF92-0EFD7BA73A54}.Debug|Any CPU.Build.0 = Debug|Any CPU
		{51904159-1EAF-45AB-BF92-0EFD7BA73A54}.Debug|x64.ActiveCfg = Debug|x64
		{51904159-1EAF-45AB-BF92-0EFD7BA73A54}.Debug|x64.Build.0 = Debug|x64
		{51904159-1EAF-45AB-BF92-0EFD7BA73A54}.Debug|x86.ActiveCfg = Debug|x86
		{51904159-1EAF-45AB-BF92-0EFD7BA73A54}.Debug|x86.Build.0 = Debug|x86
		{51904159-1EAF-45AB-BF92-0EFD7BA73A54}.Release|Any CPU.ActiveCfg = Release|Any CPU
		{51904159-1EAF-45AB-BF92-0EFD7BA73A54}.Release|Any CPU.Build.0 = Release|Any CPU
		{51904159-1EAF-45AB-BF92-0EFD7BA73A54}.Release|x64.ActiveCfg = Release|x64
		{51904159-1EAF-45AB-BF92-0EFD7BA73A54}.Release|x64.Build.0 = Release|x64
		{51904159-1EAF-45AB-BF92-0EFD7BA73A54}.Release|x86.ActiveCfg = Release|x86
		{51904159-1EAF-45AB-BF92-0EFD7BA73A54}.Release|x86.Build.0 = Release|x86
	EndGlobalSection
	GlobalSection(SolutionProperties) = preSolution
		HideSolutionNode = FALSE
	EndGlobalSection
	GlobalSection(NestedProjects) = preSolution
		{A9222432-CADA-4272-9E8E-256F8CD3B1A3} = {5CE3C099-F713-4B50-8876-38BFAC721989}
		{CFF0DD69-DA82-4FD2-AED1-728118F080DB} = {5CE3C099-F713-4B50-8876-38BFAC721989}
		{E92D6D16-AB74-44CB-81B4-A73691FDDA38} = {5CE3C099-F713-4B50-8876-38BFAC721989}
		{51904159-1EAF-45AB-BF92-0EFD7BA73A54} = {5CE3C099-F713-4B50-8876-38BFAC721989}
	EndGlobalSection
EndGlobal
